
Microsoft Visual Studio Solution File, Format Version 12.00
Project("{FAE04EC0-301F-11D3-BF4B-00C04F79EFBC}") = "VoodooVinceToolbox6", "VoodooVinceToolbox6.csproj", "{0F0A3125-3596-4025-8CE4-44B8E808A540}"
EndProject
Global
	GlobalSection(SolutionConfigurationPlatforms) = preSolution
		Debug|Any CPU = Debug|Any CPU
		Release|Any CPU = Release|Any CPU
	EndGlobalSection
	GlobalSection(ProjectConfigurationPlatforms) = postSolution
		{0F0A3125-3596-4025-8CE4-44B8E808A540}.Debug|Any CPU.ActiveCfg = Debug|Any CPU
		{0F0A3125-3596-4025-8CE4-44B8E808A540}.Debug|Any CPU.Build.0 = Debug|Any CPU
		{0F0A3125-3596-4025-8CE4-44B8E808A540}.Release|Any CPU.ActiveCfg = Release|Any CPU
		{0F0A3125-3596-4025-8CE4-44B8E808A540}.Release|Any CPU.Build.0 = Release|Any CPU
	EndGlobalSection
EndGlobal
